github.com/HugoBlox/hugo-blox-builder/modules/blox-bootstrap/v5 v5.9.7/go.mod h1:xZiTEEurbEwj/NhZohozvlyLCGVCT2wARHDAJeqKG/c=
github.com/HugoBlox/hugo-blox-builder/modules/blox-core v0.3.1/go.mod h1:So8+V2U+TNxlXmcpZfdDX0muLh3PdJ7z92h30sv3bZg=
github.com/HugoBlox/hugo-blox-builder/modules/blox-plugin-netlify v1.1.2-0.20231108141515-0478cf6921f9/go.mod h1:C7jfxMLv1bEUqbM9XDSmEpfOpS8w06OgqNDEcbuRgL4=
github.com/HugoBlox/hugo-blox-builder/modules/blox-plugin-reveal v1.1.2/go.mod h1:F7quX1aEkV2pToTpmDBXOSTkytAnCKkqv/JFLclqa2g=
github.com/HugoBlox/hugo-blox-builder/modules/blox-seo v0.2.2/go.mod h1:NsESu6cEms1DgH84icCyylElg2Zu8A0f7Fma5JR0LZE=
github.com/HugoBlox/theme-academic-cv v0.0.0-20240407011839-093afa904a0d h1:gWKlIy5PMQMuxL0ThxtnkkC6WfQaXJIGtOeeb4FAvvQ=
github.com/HugoBlox/theme-academic-cv v0.0.0-20240407011839-093afa904a0d/go.mod h1:i9Rn/MwUhnY9dbhoY64+5Ou62qxDFjDmI9f9Pcuqmu0=
